
Microsoft Visual Studio Solution File, Format Version 12.00
# Visual Studio Version 16
VisualStudioVersion = 16.0.29827.131
MinimumVisualStudioVersion = 10.0.40219.1
Project("{9A19103F-16F7-4668-BE54-9A1E7A4F7556}") = "FiguresDotStore", "FiguresDotStore.csproj", "{10FCA3E0-F41F-4F5A-A58E-B8BE07138E15}"
EndProject
Project("{9A19103F-16F7-4668-BE54-9A1E7A4F7556}") = "FiguresDotStoreTests", "FiguresDotStoreTests\FiguresDotStoreTests.csproj", "{FDD4778E-9C61-4340-89FC-7B68DF76404A}"
EndProject
Global
	GlobalSection(SolutionConfigurationPlatforms) = preSolution
		Debug|Any CPU = Debug|Any CPU
		Release|Any CPU = Release|Any CPU
	EndGlobalSection
	GlobalSection(ProjectConfigurationPlatforms) = postSolution
		{10FCA3E0-F41F-4F5A-A58E-B8BE07138E15}.Debug|Any CPU.ActiveCfg = Debug|Any CPU
		{10FCA3E0-F41F-4F5A-A58E-B8BE07138E15}.Debug|Any CPU.Build.0 = Debug|Any CPU
		{10FCA3E0-F41F-4F5A-A58E-B8BE07138E15}.Release|Any CPU.ActiveCfg = Release|Any CPU
		{10FCA3E0-F41F-4F5A-A58E-B8BE07138E15}.Release|Any CPU.Build.0 = Release|Any CPU
		{FDD4778E-9C61-4340-89FC-7B68DF76404A}.Debug|Any CPU.ActiveCfg = Debug|Any CPU
		{FDD4778E-9C61-4340-89FC-7B68DF76404A}.Debug|Any CPU.Build.0 = Debug|Any CPU
		{FDD4778E-9C61-4340-89FC-7B68DF76404A}.Release|Any CPU.ActiveCfg = Release|Any CPU
		{FDD4778E-9C61-4340-89FC-7B68DF76404A}.Release|Any CPU.Build.0 = Release|Any CPU
	EndGlobalSection
	GlobalSection(SolutionProperties) = preSolution
		HideSolutionNode = FALSE
	EndGlobalSection
	GlobalSection(ExtensibilityGlobals) = postSolution
		SolutionGuid = {94C6CF23-F9CD-42BE-B4D5-037A801E1625}
	EndGlobalSection
EndGlobal
